// !$*UTF8*$!
{
	archiveVersion = 1;
	classes = {
	};
	objectVersion = 46;
	objects = {

/* Begin PBXBuildFile section */
		ABF93B3B1D5F649800553E81 /* AppDelegate.swift in Sources */ = {isa = PBXBuildFile; fileRef = ABF93B3A1D5F649800553E81 /* AppDelegate.swift */; };
		ABF93B3D1D5F649800553E81 /* ViewController.swift in Sources */ = {isa = PBXBuildFile; fileRef = ABF93B3C1D5F649800553E81 /* ViewController.swift */; };
		ABF93B401D5F649800553E81 /* Main.storyboard in Resources */ = {isa = PBXBuildFile; fileRef = ABF93B3E1D5F649800553E81 /* Main.storyboard */; };
		ABF93B421D5F649800553E81 /* Assets.xcassets in Resources */ = {isa = PBXBuildFile; fileRef = ABF93B411D5F649800553E81 /* Assets.xcassets */; };
		ABF93B451D5F649800553E81 /* LaunchScreen.storyboard in Resources */ = {isa = PBXBuildFile; fileRef = ABF93B431D5F649800553E81 /* LaunchScreen.storyboard */; };
/* End PBXBuildFile section */

/* Begin PBXFileReference section */
		ABF93B371D5F649800553E81 /* FourLabels.app */ = {isa = PBXFileReference; explicitFileType = wrapper.application; includeInIndex = 0; path = FourLabels.app; sourceTree = BUILT_PRODUCTS_DIR; };
		ABF93B3A1D5F649800553E81 /* AppDelegate.swift */ = {isa = PBXFileReference; lastKnownFileType = sourcecode.swift; path = AppDelegate.swift; sourceTree = "<group>"; };
		ABF93B3C1D5F649800553E81 /* ViewController.swift */ = {isa = PBXFileReference; lastKnownFileType = sourcecode.swift; path = ViewController.swift; sourceTree = "<group>"; };
		ABF93B3F1D5F649800553E81 /* Base */ = {isa = PBXFileReference; lastKnownFileType = file.storyboard; name = Base; path = Base.lproj/Main.storyboard; sourceTree = "<group>"; };
		ABF93B411D5F649800553E81 /* Assets.xcassets */ = {isa = PBXFileReference; lastKnownFileType = folder.assetcatalog; path = Assets.xcassets; sourceTree = "<group>"; };
		ABF93B441D5F649800553E81 /* Base */ = {isa = PBXFileReference; lastKnownFileType = file.storyboard; name = Base; path = Base.lproj/LaunchScreen.storyboard; sourceTree = "<group>"; };
		ABF93B461D5F649800553E81 /* Info.plist */ = {isa = PBXFileReference; lastKnownFileType = text.plist.xml; path = Info.plist; sourceTree = "<group>"; };
/* End PBXFileReference section */

/* Begin PBXFrameworksBuildPhase section */
		ABF93B341D5F649800553E81 /* Frameworks */ = {
			isa = PBXFrameworksBuildPhase;
			buildActionMask = 2147483647;
			files = (
			);
			runOnlyForDeploymentPostprocessing = 0;
		};
/* End PBXFrameworksBuildPhase section */

/* Begin PBXGroup section */
		ABF93B2E1D5F649800553E81 = {
			isa = PBXGroup;
			children = (
				ABF93B391D5F649800553E81 /* FourLabels */,
				ABF93B381D5F649800553E81 /* Products */,
			);
			sourceTree = "<group>";
		};
		ABF93B381D5F649800553E81 /* Products */ = {
			isa = PBXGroup;
			children = (
				ABF93B371D5F649800553E81 /* FourLabels.app */,
			);
			name = Products;
			sourceTree = "<group>";
		};
		ABF93B391D5F649800553E81 /* FourLabels */ = {
			isa = PBXGroup;
			children = (
				ABF93B3A1D5F649800553E81 /* AppDelegate.swift */,
				ABF93B3C1D5F649800553E81 /* ViewController.swift */,
				ABF93B3E1D5F649800553E81 /* Main.storyboard */,
				ABF93B411D5F649800553E81 /* Assets.xcassets */,
				ABF93B431D5F649800553E81 /* LaunchScreen.storyboard */,
				ABF93B461D5F649800553E81 /* Info.plist */,
			);
			path = FourLabels;
			sourceTree = "<group>";
		};
/* End PBXGroup section */

/* Begin PBXNativeTarget section */
		ABF93B361D5F649800553E81 /* FourLabels */ = {
			isa = PBXNativeTarget;
			buildConfigurationList = ABF93B491D5F649800553E81 /* Build configuration list for PBXNativeTarget "FourLabels" */;
			buildPhases = (
				ABF93B331D5F649800553E81 /* Sources */,
				ABF93B341D5F649800553E81 /* Frameworks */,
				ABF93B351D5F649800553E81 /* Resources */,
			);
			buildRules = (
			);
			dependencies = (
			);
			name = FourLabels;
			productName = FourLabels;
			productReference = ABF93B371D5F649800553E81 /* FourLabels.app */;
			productType = "com.apple.product-type.application";
		};
/* End PBXNativeTarget section */

/* Begin PBXProject section */
		ABF93B2F1D5F649800553E81 /* Project object */ = {
			isa = PBXProject;
			attributes = {
				LastSwiftUpdateCheck = 0730;
				LastUpgradeCheck = 0730;
				ORGANIZATIONNAME = sopytec;
				TargetAttributes = {
					ABF93B361D5F649800553E81 = {
						CreatedOnToolsVersion = 7.3.1;
						DevelopmentTeam = 67LHC4FWG7;
					};
				};
			};
			buildConfigurationList = ABF93B321D5F649800553E81 /* Build configuration list for PBXProject "FourLabels" */;
			compatibilityVersion = "Xcode 3.2";
			developmentRegion = English;
			hasScannedForEncodings = 0;
			knownRegions = (
				en,
				Base,
			);
			mainGroup = ABF93B2E1D5F649800553E81;
			productRefGroup = ABF93B381D5F649800553E81 /* Products */;
			projectDirPath = "";
			projectRoot = "";
			targets = (
				ABF93B361D5F649800553E81 /* FourLabels */,
			);
		};
/* End PBXProject section */

/* Begin PBXResourcesBuildPhase section */
		ABF93B351D5F649800553E81 /* Resources */ = {
			isa = PBXResourcesBuildPhase;
			buildActionMask = 2147483647;
			files = (
				ABF93B451D5F649800553E81 /* LaunchScreen.storyboard in Resources */,
				ABF93B421D5F649800553E81 /* Assets.xcassets in Resources */,
				ABF93B401D5F649800553E81 /* Main.storyboard in Resources */,
			);
			runOnlyForDeploymentPostprocessing = 0;
		};
/* End PBXResourcesBuildPhase section */

/* Begin PBXSourcesBuildPhase section */
		ABF93B331D5F649800553E81 /* Sources */ = {
			isa = PBXSourcesBuildPhase;
			buildActionMask = 2147483647;
			files = (
				ABF93B3D1D5F649800553E81 /* ViewController.swift in Sources */,
				ABF93B3B1D5F649800553E81 /* AppDelegate.swift in Sources */,
			);
			runOnlyForDeploymentPostprocessing = 0;
		};
/* End PBXSourcesBuildPhase section */

/* Begin PBXVariantGroup section */
		ABF93B3E1D5F649800553E81 /* Main.storyboard */ = {
			isa = PBXVariantGroup;
			children = (
				ABF93B3F1D5F649800553E81 /* Base */,
			);
			name = Main.storyboard;
			sourceTree = "<group>";
		};
		ABF93B431D5F649800553E81 /* LaunchScreen.storyboard */ = {
			isa = PBXVariantGroup;
			children = (
				ABF93B441D5F649800553E81 /* Base */,
			);
			name = LaunchScreen.storyboard;
			sourceTree = "<group>";
		};
/* End PBXVariantGroup section */

/* Begin XCBuildConfiguration section */
		ABF93B471D5F649800553E81 /* Debug */ = {
			isa = XCBuildConfiguration;
			buildSettings = {
				ALWAYS_SEARCH_USER_PATHS = NO;
				CLANG_ANALYZER_NONNULL = YES;
				CLANG_CXX_LANGUAGE_STANDARD = "gnu++0x";
				CLANG_CXX_LIBRARY = "libc++";
				CLANG_ENABLE_MODULES = YES;
				CLANG_ENABLE_OBJC_ARC = YES;
				CLANG_WARN_BOOL_CONVERSION = YES;
				CLANG_WARN_CONSTANT_CONVERSION = YES;
				CLANG_WARN_DIRECT_OBJC_ISA_USAGE = YES_ERROR;
				CLANG_WARN_EMPTY_BODY = YES;
				CLANG_WARN_ENUM_CONVERSION = YES;
				CLANG_WARN_INT_CONVERSION = YES;
				CLANG_WARN_OBJC_ROOT_CLASS = YES_ERROR;
				CLANG_WARN_UNREACHABLE_CODE = YES;
				CLANG_WARN__DUPLICATE_METHOD_MATCH = YES;
				"CODE_SIGN_IDENTITY[sdk=iphoneos*]" = "iPhone Developer";
				COPY_PHASE_STRIP = NO;
				DEBUG_INFORMATION_FORMAT = dwarf;
				ENABLE_STRICT_OBJC_MSGSEND = YES;
				ENABLE_TESTABILITY = YES;
				GCC_C_LANGUAGE_STANDARD = gnu99;
				GCC_DYNAMIC_NO_PIC = NO;
				GCC_NO_COMMON_BLOCKS = YES;
				GCC_OPTIMIZATION_LEVEL = 0;
				GCC_PREPROCESSOR_DEFINITIONS = (
					"DEBUG=1",
					"$(inherited)",
				);
				GCC_WARN_64_TO_32_BIT_CONVERSION = YES;
				GCC_WARN_ABOUT_RETURN_TYPE = YES_ERROR;
				GCC_WARN_UNDECLARED_SELECTOR = YES;
				GCC_WARN_UNINITIALIZED_AUTOS = YES_AGGRESSIVE;
				GCC_WARN_UNUSED_FUNCTION = YES;
				GCC_WARN_UNUSED_VARIABLE = YES;
				IPHONEOS_DEPLOYMENT_TARGET = 9.3;
				MTL_ENABLE_DEBUG_INFO = YES;
				ONLY_ACTIVE_ARCH = YES;
				SDKROOT = iphoneos;
				SWIFT_OPTIMIZATION_LEVEL = "-Onone";
			};
			name = Debug;
		};
		ABF93B481D5F649800553E81 /* Release */ = {
			isa = XCBuildConfiguration;
			buildSettings = {
				ALWAYS_SEARCH_USER_PATHS = NO;
				CLANG_ANALYZER_NONNULL = YES;
				CLANG_CXX_LANGUAGE_STANDARD = "gnu++0x";
				CLANG_CXX_LIBRARY = "libc++";
				CLANG_ENABLE_MODULES = YES;
				CLANG_ENABLE_OBJC_ARC = YES;
				CLANG_WARN_BOOL_CONVERSION = YES;
				CLANG_WARN_CONSTANT_CONVERSION = YES;
				CLANG_WARN_DIRECT_OBJC_ISA_USAGE = YES_ERROR;
				CLANG_WARN_EMPTY_BODY = YES;
				CLANG_WARN_ENUM_CONVERSION = YES;
				CLANG_WARN_INT_CONVERSION = YES;
				CLANG_WARN_OBJC_ROOT_CLASS = YES_ERROR;
				CLANG_WARN_UNREACHABLE_CODE = YES;
				CLANG_WARN__DUPLICATE_METHOD_MATCH = YES;
				"CODE_SIGN_IDENTITY[sdk=iphoneos*]" = "iPhone Developer";
				COPY_PHASE_STRIP = NO;
				DEBUG_INFORMATION_FORMAT = "dwarf-with-dsym";
				ENABLE_NS_ASSERTIONS = NO;
				ENABLE_STRICT_OBJC_MSGSEND = YES;
				GCC_C_LANGUAGE_STANDARD = gnu99;
				GCC_NO_COMMON_BLOCKS = YES;
				GCC_WARN_64_TO_32_BIT_CONVERSION = YES;
				GCC_WARN_ABOUT_RETURN_TYPE = YES_ERROR;
				GCC_WARN_UNDECLARED_SELECTOR = YES;
				GCC_WARN_UNINITIALIZED_AUTOS = YES_AGGRESSIVE;
				GCC_WARN_UNUSED_FUNCTION = YES;
				GCC_WARN_UNUSED_VARIABLE = YES;
				IPHONEOS_DEPLOYMENT_TARGET = 9.3;
				MTL_ENABLE_DEBUG_INFO = NO;
				SDKROOT = iphoneos;
				VALIDATE_PRODUCT = YES;
			};
			name = Release;
		};
		ABF93B4A1D5F649800553E81 /* Debug */ = {
			isa = XCBuildConfiguration;
			buildSettings = {
				ASSETCATALOG_COMPILER_APPICON_NAME = AppIcon;
				CODE_SIGN_IDENTITY = "iPhone Developer";
				"CODE_SIGN_IDENTITY[sdk=iphoneos*]" = "iPhone Developer";
				INFOPLIST_FILE = FourLabels/Info.plist;
				IPHONEOS_DEPLOYMENT_TARGET = 9.0;
				LD_RUNPATH_SEARCH_PATHS = "$(inherited) @executable_path/Frameworks";
				PRODUCT_BUNDLE_IDENTIFIER = cl.sopytec.FourLabels.FourLabels;
				PRODUCT_NAME = "$(TARGET_NAME)";
				PROVISIONING_PROFILE = "";
			};
			name = Debug;
		};
		ABF93B4B1D5F649800553E81 /* Release */ = {
			isa = XCBuildConfiguration;
			buildSettings = {
				ASSETCATALOG_COMPILER_APPICON_NAME = AppIcon;
				CODE_SIGN_IDENTITY = "iPhone Developer";
				"CODE_SIGN_IDENTITY[sdk=iphoneos*]" = "iPhone Developer";
				INFOPLIST_FILE = FourLabels/Info.plist;
				IPHONEOS_DEPLOYMENT_TARGET = 9.0;
				LD_RUNPATH_SEARCH_PATHS = "$(inherited) @executable_path/Frameworks";
				PRODUCT_BUNDLE_IDENTIFIER = cl.sopytec.FourLabels.FourLabels;
				PRODUCT_NAME = "$(TARGET_NAME)";
				PROVISIONING_PROFILE = "";
			};
			name = Release;
		};
/* End XCBuildConfiguration section */

/* Begin XCConfigurationList section */
		ABF93B321D5F649800553E81 /* Build configuration list for PBXProject "FourLabels" */ = {
			isa = XCConfigurationList;
			buildConfigurations = (
				ABF93B471D5F649800553E81 /* Debug */,
				ABF93B481D5F649800553E81 /* Release */,
			);
			defaultConfigurationIsVisible = 0;
			defaultConfigurationName = Release;
		};
		ABF93B491D5F649800553E81 /* Build configuration list for PBXNativeTarget "FourLabels" */ = {
			isa = XCConfigurationList;
			buildConfigurations = (
				ABF93B4A1D5F649800553E81 /* Debug */,
				ABF93B4B1D5F649800553E81 /* Release */,
			);
			defaultConfigurationIsVisible = 0;
			defaultConfigurationName = Release;
		};
/* End XCConfigurationList section */
	};
	rootObject = ABF93B2F1D5F649800553E81 /* Project object */;
}
